// !$*UTF8*$!
{
	archiveVersion = 1;
	classes = {
	};
	objectVersion = 48;
	objects = {

/* Begin PBXBuildFile section */
		47502FC89DD5E22890A84F65 /* Pods_LexiconTests.framework in Frameworks */ = {isa = PBXBuildFile; fileRef = 7C814C431173AE54FCFD43FC /* Pods_LexiconTests.framework */; };
		49F292311F7D8A6300B031A1 /* AppDelegate.swift in Sources */ = {isa = PBXBuildFile; fileRef = 49F292301F7D8A6300B031A1 /* AppDelegate.swift */; };
		49F292331F7D8A6300B031A1 /* ListViewController.swift in Sources */ = {isa = PBXBuildFile; fileRef = 49F292321F7D8A6300B031A1 /* ListViewController.swift */; };
		49F292381F7D8A6300B031A1 /* Assets.xcassets in Resources */ = {isa = PBXBuildFile; fileRef = 49F292371F7D8A6300B031A1 /* Assets.xcassets */; };
		49F292551F7D8C1700B031A1 /* main.swift in Sources */ = {isa = PBXBuildFile; fileRef = 49F292541F7D8C1700B031A1 /* main.swift */; };
		49F292571F7D8C3500B031A1 /* MockAppDelegate.swift in Sources */ = {isa = PBXBuildFile; fileRef = 49F292561F7D8C3500B031A1 /* MockAppDelegate.swift */; };
		49F2925C1F7D8F2000B031A1 /* R.generated.swift in Sources */ = {isa = PBXBuildFile; fileRef = 49F2925B1F7D8F2000B031A1 /* R.generated.swift */; };
		49F2925F1F7D8F6F00B031A1 /* LaunchScreen.storyboard in Resources */ = {isa = PBXBuildFile; fileRef = 49F2925D1F7D8F6F00B031A1 /* LaunchScreen.storyboard */; };
		49F292631F7D90E800B031A1 /* List.storyboard in Resources */ = {isa = PBXBuildFile; fileRef = 49F292621F7D90E800B031A1 /* List.storyboard */; };
		49F292651F7D922100B031A1 /* Lexicon.swift in Sources */ = {isa = PBXBuildFile; fileRef = 49F292641F7D922100B031A1 /* Lexicon.swift */; };
		49F292671F7D922800B031A1 /* LexiconEntry.swift in Sources */ = {isa = PBXBuildFile; fileRef = 49F292661F7D922800B031A1 /* LexiconEntry.swift */; };
		49F292691F7D925300B031A1 /* LexiconEntriesSource.swift in Sources */ = {isa = PBXBuildFile; fileRef = 49F292681F7D925300B031A1 /* LexiconEntriesSource.swift */; };
		49F2926D1F7D92C500B031A1 /* LexiconTests.swift in Sources */ = {isa = PBXBuildFile; fileRef = 49F2926C1F7D92C500B031A1 /* LexiconTests.swift */; };
		49F2926F1F7D931400B031A1 /* LexiconEntryTests.swift in Sources */ = {isa = PBXBuildFile; fileRef = 49F2926E1F7D931400B031A1 /* LexiconEntryTests.swift */; };
		49F292711F7D975D00B031A1 /* ListItem.swift in Sources */ = {isa = PBXBuildFile; fileRef = 49F292701F7D975D00B031A1 /* ListItem.swift */; };
		49F292721F7D978800B031A1 /* lexicon.json in Resources */ = {isa = PBXBuildFile; fileRef = 49F2926A1F7D928200B031A1 /* lexicon.json */; };
		49F292751F7D97EE00B031A1 /* ListItemTests.swift in Sources */ = {isa = PBXBuildFile; fileRef = 49F292741F7D97EE00B031A1 /* ListItemTests.swift */; };
		49F9E49E1F7D9CA900DA4D3A /* ListTransformer.swift in Sources */ = {isa = PBXBuildFile; fileRef = 49F9E49D1F7D9CA900DA4D3A /* ListTransformer.swift */; };
		49F9E4A01F7D9CAF00DA4D3A /* ListModel.swift in Sources */ = {isa = PBXBuildFile; fileRef = 49F9E49F1F7D9CAF00DA4D3A /* ListModel.swift */; };
		49F9E4A21F7D9CC100DA4D3A /* ListPresenter.swift in Sources */ = {isa = PBXBuildFile; fileRef = 49F9E4A11F7D9CC100DA4D3A /* ListPresenter.swift */; };
		49F9E4A41F7D9D0200DA4D3A /* ListState.swift in Sources */ = {isa = PBXBuildFile; fileRef = 49F9E4A31F7D9D0200DA4D3A /* ListState.swift */; };
		49F9E4A61F7DA0F500DA4D3A /* ListTransformerTests.swift in Sources */ = {isa = PBXBuildFile; fileRef = 49F9E4A51F7DA0F500DA4D3A /* ListTransformerTests.swift */; };
		49F9E4A81F7DA18C00DA4D3A /* ListStateTests.swift in Sources */ = {isa = PBXBuildFile; fileRef = 49F9E4A71F7DA18C00DA4D3A /* ListStateTests.swift */; };
		49F9E4AA1F7DA29500DA4D3A /* ListViewControllerTests.swift in Sources */ = {isa = PBXBuildFile; fileRef = 49F9E4A91F7DA29500DA4D3A /* ListViewControllerTests.swift */; };
		49F9E4AD1F7DA48D00DA4D3A /* MockListPresenter.swift in Sources */ = {isa = PBXBuildFile; fileRef = 49F9E4AC1F7DA48D00DA4D3A /* MockListPresenter.swift */; };
		49F9E4B01F7DA59E00DA4D3A /* Detail.storyboard in Resources */ = {isa = PBXBuildFile; fileRef = 49F9E4AF1F7DA59E00DA4D3A /* Detail.storyboard */; };
		49F9E4B21F7DA5B000DA4D3A /* DetailViewController.swift in Sources */ = {isa = PBXBuildFile; fileRef = 49F9E4B11F7DA5B000DA4D3A /* DetailViewController.swift */; };
		EB57CFAB97E8110348DDC1C6 /* Pods_Lexicon.framework in Frameworks */ = {isa = PBXBuildFile; fileRef = 1532746F3622DA13687E41D3 /* Pods_Lexicon.framework */; };
/* End PBXBuildFile section */

/* Begin PBXContainerItemProxy section */
		49F292421F7D8A6300B031A1 /* PBXContainerItemProxy */ = {
			isa = PBXContainerItemProxy;
			containerPortal = 49F292251F7D8A6300B031A1 /* Project object */;
			proxyType = 1;
			remoteGlobalIDString = 49F2922C1F7D8A6300B031A1;
			remoteInfo = Lexicon;
		};
/* End PBXContainerItemProxy section */

/* Begin PBXFileReference section */
		04B5E993CA582998B6E5DD3E /* Pods-Lexicon.release.xcconfig */ = {isa = PBXFileReference; includeInIndex = 1; lastKnownFileType = text.xcconfig; name = "Pods-Lexicon.release.xcconfig"; path = "Pods/Target Support Files/Pods-Lexicon/Pods-Lexicon.release.xcconfig"; sourceTree = "<group>"; };
		072F6AAD3A8D261158609221 /* Pods-Lexicon.debug.xcconfig */ = {isa = PBXFileReference; includeInIndex = 1; lastKnownFileType = text.xcconfig; name = "Pods-Lexicon.debug.xcconfig"; path = "Pods/Target Support Files/Pods-Lexicon/Pods-Lexicon.debug.xcconfig"; sourceTree = "<group>"; };
		1532746F3622DA13687E41D3 /* Pods_Lexicon.framework */ = {isa = PBXFileReference; explicitFileType = wrapper.framework; includeInIndex = 0; path = Pods_Lexicon.framework; sourceTree = BUILT_PRODUCTS_DIR; };
		49F2922D1F7D8A6300B031A1 /* Lexicon.app */ = {isa = PBXFileReference; explicitFileType = wrapper.application; includeInIndex = 0; path = Lexicon.app; sourceTree = BUILT_PRODUCTS_DIR; };
		49F292301F7D8A6300B031A1 /* AppDelegate.swift */ = {isa = PBXFileReference; lastKnownFileType = sourcecode.swift; path = AppDelegate.swift; sourceTree = "<group>"; };
		49F292321F7D8A6300B031A1 /* ListViewController.swift */ = {isa = PBXFileReference; lastKnownFileType = sourcecode.swift; path = ListViewController.swift; sourceTree = "<group>"; };
		49F292371F7D8A6300B031A1 /* Assets.xcassets */ = {isa = PBXFileReference; lastKnownFileType = folder.assetcatalog; path = Assets.xcassets; sourceTree = "<group>"; };
		49F2923C1F7D8A6300B031A1 /* Info.plist */ = {isa = PBXFileReference; lastKnownFileType = text.plist.xml; path = Info.plist; sourceTree = "<group>"; };
		49F292411F7D8A6300B031A1 /* LexiconTests.xctest */ = {isa = PBXFileReference; explicitFileType = wrapper.cfbundle; includeInIndex = 0; path = LexiconTests.xctest; sourceTree = BUILT_PRODUCTS_DIR; };
		49F292471F7D8A6300B031A1 /* Info.plist */ = {isa = PBXFileReference; lastKnownFileType = text.plist.xml; path = Info.plist; sourceTree = "<group>"; };
		49F292541F7D8C1700B031A1 /* main.swift */ = {isa = PBXFileReference; lastKnownFileType = sourcecode.swift; path = main.swift; sourceTree = "<group>"; };
		49F292561F7D8C3500B031A1 /* MockAppDelegate.swift */ = {isa = PBXFileReference; lastKnownFileType = sourcecode.swift; path = MockAppDelegate.swift; sourceTree = "<group>"; };
		49F2925B1F7D8F2000B031A1 /* R.generated.swift */ = {isa = PBXFileReference; fileEncoding = 4; lastKnownFileType = sourcecode.swift; path = R.generated.swift; sourceTree = "<group>"; };
		49F2925E1F7D8F6F00B031A1 /* Base */ = {isa = PBXFileReference; lastKnownFileType = file.storyboard; name = Base; path = Base.lproj/LaunchScreen.storyboard; sourceTree = "<group>"; };
		49F292621F7D90E800B031A1 /* List.storyboard */ = {isa = PBXFileReference; lastKnownFileType = file.storyboard; path = List.storyboard; sourceTree = "<group>"; };
		49F292641F7D922100B031A1 /* Lexicon.swift */ = {isa = PBXFileReference; lastKnownFileType = sourcecode.swift; path = Lexicon.swift; sourceTree = "<group>"; };
		49F292661F7D922800B031A1 /* LexiconEntry.swift */ = {isa = PBXFileReference; lastKnownFileType = sourcecode.swift; path = LexiconEntry.swift; sourceTree = "<group>"; };
		49F292681F7D925300B031A1 /* LexiconEntriesSource.swift */ = {isa = PBXFileReference; lastKnownFileType = sourcecode.swift; path = LexiconEntriesSource.swift; sourceTree = "<group>"; };
		49F2926A1F7D928200B031A1 /* lexicon.json */ = {isa = PBXFileReference; lastKnownFileType = text.json; path = lexicon.json; sourceTree = "<group>"; };
		49F2926C1F7D92C500B031A1 /* LexiconTests.swift */ = {isa = PBXFileReference; lastKnownFileType = sourcecode.swift; path = LexiconTests.swift; sourceTree = "<group>"; };
		49F2926E1F7D931400B031A1 /* LexiconEntryTests.swift */ = {isa = PBXFileReference; lastKnownFileType = sourcecode.swift; path = LexiconEntryTests.swift; sourceTree = "<group>"; };
		49F292701F7D975D00B031A1 /* ListItem.swift */ = {isa = PBXFileReference; lastKnownFileType = sourcecode.swift; path = ListItem.swift; sourceTree = "<group>"; };
		49F292741F7D97EE00B031A1 /* ListItemTests.swift */ = {isa = PBXFileReference; lastKnownFileType = sourcecode.swift; path = ListItemTests.swift; sourceTree = "<group>"; };
		49F9E49D1F7D9CA900DA4D3A /* ListTransformer.swift */ = {isa = PBXFileReference; lastKnownFileType = sourcecode.swift; path = ListTransformer.swift; sourceTree = "<group>"; };
		49F9E49F1F7D9CAF00DA4D3A /* ListModel.swift */ = {isa = PBXFileReference; lastKnownFileType = sourcecode.swift; path = ListModel.swift; sourceTree = "<group>"; };
		49F9E4A11F7D9CC100DA4D3A /* ListPresenter.swift */ = {isa = PBXFileReference; lastKnownFileType = sourcecode.swift; path = ListPresenter.swift; sourceTree = "<group>"; };
		49F9E4A31F7D9D0200DA4D3A /* ListState.swift */ = {isa = PBXFileReference; lastKnownFileType = sourcecode.swift; path = ListState.swift; sourceTree = "<group>"; };
		49F9E4A51F7DA0F500DA4D3A /* ListTransformerTests.swift */ = {isa = PBXFileReference; lastKnownFileType = sourcecode.swift; path = ListTransformerTests.swift; sourceTree = "<group>"; };
		49F9E4A71F7DA18C00DA4D3A /* ListStateTests.swift */ = {isa = PBXFileReference; lastKnownFileType = sourcecode.swift; path = ListStateTests.swift; sourceTree = "<group>"; };
		49F9E4A91F7DA29500DA4D3A /* ListViewControllerTests.swift */ = {isa = PBXFileReference; lastKnownFileType = sourcecode.swift; path = ListViewControllerTests.swift; sourceTree = "<group>"; };
		49F9E4AC1F7DA48D00DA4D3A /* MockListPresenter.swift */ = {isa = PBXFileReference; lastKnownFileType = sourcecode.swift; path = MockListPresenter.swift; sourceTree = "<group>"; };
		49F9E4AF1F7DA59E00DA4D3A /* Detail.storyboard */ = {isa = PBXFileReference; lastKnownFileType = file.storyboard; path = Detail.storyboard; sourceTree = "<group>"; };
		49F9E4B11F7DA5B000DA4D3A /* DetailViewController.swift */ = {isa = PBXFileReference; lastKnownFileType = sourcecode.swift; path = DetailViewController.swift; sourceTree = "<group>"; };
		75B092E0EFBF38C57E827549 /* Pods-LexiconTests.release.xcconfig */ = {isa = PBXFileReference; includeInIndex = 1; lastKnownFileType = text.xcconfig; name = "Pods-LexiconTests.release.xcconfig"; path = "Pods/Target Support Files/Pods-LexiconTests/Pods-LexiconTests.release.xcconfig"; sourceTree = "<group>"; };
		7C814C431173AE54FCFD43FC /* Pods_LexiconTests.framework */ = {isa = PBXFileReference; explicitFileType = wrapper.framework; includeInIndex = 0; path = Pods_LexiconTests.framework; sourceTree = BUILT_PRODUCTS_DIR; };
		BFDE8D0778E2FC3F539D22DD /* Pods-LexiconTests.debug.xcconfig */ = {isa = PBXFileReference; includeInIndex = 1; lastKnownFileType = text.xcconfig; name = "Pods-LexiconTests.debug.xcconfig"; path = "Pods/Target Support Files/Pods-LexiconTests/Pods-LexiconTests.debug.xcconfig"; sourceTree = "<group>"; };
/* End PBXFileReference section */

/* Begin PBXFrameworksBuildPhase section */
		49F2922A1F7D8A6300B031A1 /* Frameworks */ = {
			isa = PBXFrameworksBuildPhase;
			buildActionMask = 2147483647;
			files = (
				EB57CFAB97E8110348DDC1C6 /* Pods_Lexicon.framework in Frameworks */,
			);
			runOnlyForDeploymentPostprocessing = 0;
		};
		49F2923E1F7D8A6300B031A1 /* Frameworks */ = {
			isa = PBXFrameworksBuildPhase;
			buildActionMask = 2147483647;
			files = (
				47502FC89DD5E22890A84F65 /* Pods_LexiconTests.framework in Frameworks */,
			);
			runOnlyForDeploymentPostprocessing = 0;
		};
/* End PBXFrameworksBuildPhase section */

/* Begin PBXGroup section */
		49F292241F7D8A6300B031A1 = {
			isa = PBXGroup;
			children = (
				49F2922F1F7D8A6300B031A1 /* Lexicon */,
				49F292441F7D8A6300B031A1 /* LexiconTests */,
				49F2922E1F7D8A6300B031A1 /* Products */,
				6FE07F3361CFFE47088DCE55 /* Pods */,
				A6E216F39FED9BE6E9641646 /* Frameworks */,
			);
			sourceTree = "<group>";
		};
		49F2922E1F7D8A6300B031A1 /* Products */ = {
			isa = PBXGroup;
			children = (
				49F2922D1F7D8A6300B031A1 /* Lexicon.app */,
				49F292411F7D8A6300B031A1 /* LexiconTests.xctest */,
			);
			name = Products;
			sourceTree = "<group>";
		};
		49F2922F1F7D8A6300B031A1 /* Lexicon */ = {
			isa = PBXGroup;
			children = (
				49F292501F7D8BC500B031A1 /* Application */,
				49F292511F7D8BD000B031A1 /* Screens */,
				49F292521F7D8BD600B031A1 /* Entities */,
				49F292531F7D8BE200B031A1 /* Sources */,
				49F292371F7D8A6300B031A1 /* Assets.xcassets */,
			);
			path = Lexicon;
			sourceTree = "<group>";
		};
		49F292441F7D8A6300B031A1 /* LexiconTests */ = {
			isa = PBXGroup;
			children = (
				49F292471F7D8A6300B031A1 /* Info.plist */,
			);
			path = LexiconTests;
			sourceTree = "<group>";
		};
		49F292501F7D8BC500B031A1 /* Application */ = {
			isa = PBXGroup;
			children = (
				49F2923C1F7D8A6300B031A1 /* Info.plist */,
				49F292541F7D8C1700B031A1 /* main.swift */,
				49F292301F7D8A6300B031A1 /* AppDelegate.swift */,
				49F292561F7D8C3500B031A1 /* MockAppDelegate.swift */,
				49F2926A1F7D928200B031A1 /* lexicon.json */,
				49F2925D1F7D8F6F00B031A1 /* LaunchScreen.storyboard */,
				49F2925B1F7D8F2000B031A1 /* R.generated.swift */,
			);
			path = Application;
			sourceTree = "<group>";
		};
		49F292511F7D8BD000B031A1 /* Screens */ = {
			isa = PBXGroup;
			children = (
				49F9E4AE1F7DA58F00DA4D3A /* Detail */,
				49F292611F7D90A300B031A1 /* List */,
			);
			path = Screens;
			sourceTree = "<group>";
		};
		49F292521F7D8BD600B031A1 /* Entities */ = {
			isa = PBXGroup;
			children = (
				49F2926B1F7D92B800B031A1 /* Tests */,
				49F292641F7D922100B031A1 /* Lexicon.swift */,
				49F292661F7D922800B031A1 /* LexiconEntry.swift */,
			);
			path = Entities;
			sourceTree = "<group>";
		};
		49F292531F7D8BE200B031A1 /* Sources */ = {
			isa = PBXGroup;
			children = (
				49F292681F7D925300B031A1 /* LexiconEntriesSource.swift */,
			);
			path = Sources;
			sourceTree = "<group>";
		};
		49F292611F7D90A300B031A1 /* List */ = {
			isa = PBXGroup;
			children = (
				49F9E4AB1F7DA47700DA4D3A /* Mocks */,
				49F292731F7D97E100B031A1 /* Tests */,
				49F292621F7D90E800B031A1 /* List.storyboard */,
				49F292321F7D8A6300B031A1 /* ListViewController.swift */,
				49F9E4A11F7D9CC100DA4D3A /* ListPresenter.swift */,
				49F9E49F1F7D9CAF00DA4D3A /* ListModel.swift */,
				49F9E49D1F7D9CA900DA4D3A /* ListTransformer.swift */,
				49F292701F7D975D00B031A1 /* ListItem.swift */,
				49F9E4A31F7D9D0200DA4D3A /* ListState.swift */,
			);
			path = List;
			sourceTree = "<group>";
		};
		49F2926B1F7D92B800B031A1 /* Tests */ = {
			isa = PBXGroup;
			children = (
				49F2926C1F7D92C500B031A1 /* LexiconTests.swift */,
				49F2926E1F7D931400B031A1 /* LexiconEntryTests.swift */,
			);
			path = Tests;
			sourceTree = "<group>";
		};
		49F292731F7D97E100B031A1 /* Tests */ = {
			isa = PBXGroup;
			children = (
				49F292741F7D97EE00B031A1 /* ListItemTests.swift */,
				49F9E4A51F7DA0F500DA4D3A /* ListTransformerTests.swift */,
				49F9E4A71F7DA18C00DA4D3A /* ListStateTests.swift */,
				49F9E4A91F7DA29500DA4D3A /* ListViewControllerTests.swift */,
			);
			path = Tests;
			sourceTree = "<group>";
		};
		49F9E4AB1F7DA47700DA4D3A /* Mocks */ = {
			isa = PBXGroup;
			children = (
				49F9E4AC1F7DA48D00DA4D3A /* MockListPresenter.swift */,
			);
			path = Mocks;
			sourceTree = "<group>";
		};
		49F9E4AE1F7DA58F00DA4D3A /* Detail */ = {
			isa = PBXGroup;
			children = (
				49F9E4AF1F7DA59E00DA4D3A /* Detail.storyboard */,
				49F9E4B11F7DA5B000DA4D3A /* DetailViewController.swift */,
			);
			path = Detail;
			sourceTree = "<group>";
		};
		6FE07F3361CFFE47088DCE55 /* Pods */ = {
			isa = PBXGroup;
			children = (
				072F6AAD3A8D261158609221 /* Pods-Lexicon.debug.xcconfig */,
				04B5E993CA582998B6E5DD3E /* Pods-Lexicon.release.xcconfig */,
				BFDE8D0778E2FC3F539D22DD /* Pods-LexiconTests.debug.xcconfig */,
				75B092E0EFBF38C57E827549 /* Pods-LexiconTests.release.xcconfig */,
			);
			name = Pods;
			sourceTree = "<group>";
		};
		A6E216F39FED9BE6E9641646 /* Frameworks */ = {
			isa = PBXGroup;
			children = (
				1532746F3622DA13687E41D3 /* Pods_Lexicon.framework */,
				7C814C431173AE54FCFD43FC /* Pods_LexiconTests.framework */,
			);
			name = Frameworks;
			sourceTree = "<group>";
		};
/* End PBXGroup section */

/* Begin PBXNativeTarget section */
		49F2922C1F7D8A6300B031A1 /* Lexicon */ = {
			isa = PBXNativeTarget;
			buildConfigurationList = 49F2924A1F7D8A6300B031A1 /* Build configuration list for PBXNativeTarget "Lexicon" */;
			buildPhases = (
				7E8D0CD26D3864E6B82FBDA4 /* [CP] Check Pods Manifest.lock */,
				49F292581F7D8D2B00B031A1 /* R.swift */,
				49F292291F7D8A6300B031A1 /* Sources */,
				49F2922A1F7D8A6300B031A1 /* Frameworks */,
				49F2922B1F7D8A6300B031A1 /* Resources */,
				2305F861DA8A2CF68FCEF50B /* [CP] Embed Pods Frameworks */,
				ED03834A890FDC935BBDB2C8 /* [CP] Copy Pods Resources */,
			);
			buildRules = (
			);
			dependencies = (
			);
			name = Lexicon;
			productName = Lexicon;
			productReference = 49F2922D1F7D8A6300B031A1 /* Lexicon.app */;
			productType = "com.apple.product-type.application";
		};
		49F292401F7D8A6300B031A1 /* LexiconTests */ = {
			isa = PBXNativeTarget;
			buildConfigurationList = 49F2924D1F7D8A6300B031A1 /* Build configuration list for PBXNativeTarget "LexiconTests" */;
			buildPhases = (
				87B64CE73497A27C7D0B5442 /* [CP] Check Pods Manifest.lock */,
				49F2923D1F7D8A6300B031A1 /* Sources */,
				49F2923E1F7D8A6300B031A1 /* Frameworks */,
				49F2923F1F7D8A6300B031A1 /* Resources */,
				CADF605303AA0A32C2C46D82 /* [CP] Embed Pods Frameworks */,
				204FAC19ED1A7E1074B5DD01 /* [CP] Copy Pods Resources */,
			);
			buildRules = (
			);
			dependencies = (
				49F292431F7D8A6300B031A1 /* PBXTargetDependency */,
			);
			name = LexiconTests;
			productName = LexiconTests;
			productReference = 49F292411F7D8A6300B031A1 /* LexiconTests.xctest */;
			productType = "com.apple.product-type.bundle.unit-test";
		};
/* End PBXNativeTarget section */

/* Begin PBXProject section */
		49F292251F7D8A6300B031A1 /* Project object */ = {
			isa = PBXProject;
			attributes = {
				LastSwiftUpdateCheck = 0900;
				LastUpgradeCheck = 0900;
				ORGANIZATIONNAME = "Andrew Hershberger";
				TargetAttributes = {
					49F2922C1F7D8A6300B031A1 = {
						CreatedOnToolsVersion = 9.0;
						ProvisioningStyle = Automatic;
					};
					49F292401F7D8A6300B031A1 = {
						CreatedOnToolsVersion = 9.0;
						ProvisioningStyle = Automatic;
						TestTargetID = 49F2922C1F7D8A6300B031A1;
					};
				};
			};
			buildConfigurationList = 49F292281F7D8A6300B031A1 /* Build configuration list for PBXProject "Lexicon" */;
			compatibilityVersion = "Xcode 8.0";
			developmentRegion = en;
			hasScannedForEncodings = 0;
			knownRegions = (
				en,
				Base,
			);
			mainGroup = 49F292241F7D8A6300B031A1;
			productRefGroup = 49F2922E1F7D8A6300B031A1 /* Products */;
			projectDirPath = "";
			projectRoot = "";
			targets = (
				49F2922C1F7D8A6300B031A1 /* Lexicon */,
				49F292401F7D8A6300B031A1 /* LexiconTests */,
			);
		};
/* End PBXProject section */

/* Begin PBXResourcesBuildPhase section */
		49F2922B1F7D8A6300B031A1 /* Resources */ = {
			isa = PBXResourcesBuildPhase;
			buildActionMask = 2147483647;
			files = (
				49F2925F1F7D8F6F00B031A1 /* LaunchScreen.storyboard in Resources */,
				49F292631F7D90E800B031A1 /* List.storyboard in Resources */,
				49F292721F7D978800B031A1 /* lexicon.json in Resources */,
				49F9E4B01F7DA59E00DA4D3A /* Detail.storyboard in Resources */,
				49F292381F7D8A6300B031A1 /* Assets.xcassets in Resources */,
			);
			runOnlyForDeploymentPostprocessing = 0;
		};
		49F2923F1F7D8A6300B031A1 /* Resources */ = {
			isa = PBXResourcesBuildPhase;
			buildActionMask = 2147483647;
			files = (
			);
			runOnlyForDeploymentPostprocessing = 0;
		};
/* End PBXResourcesBuildPhase section */

/* Begin PBXShellScriptBuildPhase section */
		204FAC19ED1A7E1074B5DD01 /* [CP] Copy Pods Resources */ = {
			isa = PBXShellScriptBuildPhase;
			buildActionMask = 2147483647;
			files = (
			);
			inputPaths = (
			);
			name = "[CP] Copy Pods Resources";
			outputPaths = (
			);
			runOnlyForDeploymentPostprocessing = 0;
			shellPath = /bin/sh;
			shellScript = "\"${SRCROOT}/Pods/Target Support Files/Pods-LexiconTests/Pods-LexiconTests-resources.sh\"\n";
			showEnvVarsInLog = 0;
		};
		2305F861DA8A2CF68FCEF50B /* [CP] Embed Pods Frameworks */ = {
			isa = PBXShellScriptBuildPhase;
			buildActionMask = 2147483647;
			files = (
			);
			inputPaths = (
				"${SRCROOT}/Pods/Target Support Files/Pods-Lexicon/Pods-Lexicon-frameworks.sh",
				"${BUILT_PRODUCTS_DIR}/R.swift.Library/Rswift.framework",
				"${BUILT_PRODUCTS_DIR}/RxCocoa/RxCocoa.framework",
				"${BUILT_PRODUCTS_DIR}/RxSwift/RxSwift.framework",
			);
			name = "[CP] Embed Pods Frameworks";
			outputPaths = (
				"${TARGET_BUILD_DIR}/${FRAMEWORKS_FOLDER_PATH}/Rswift.framework",
				"${TARGET_BUILD_DIR}/${FRAMEWORKS_FOLDER_PATH}/RxCocoa.framework",
				"${TARGET_BUILD_DIR}/${FRAMEWORKS_FOLDER_PATH}/RxSwift.framework",
			);
			runOnlyForDeploymentPostprocessing = 0;
			shellPath = /bin/sh;
			shellScript = "\"${SRCROOT}/Pods/Target Support Files/Pods-Lexicon/Pods-Lexicon-frameworks.sh\"\n";
			showEnvVarsInLog = 0;
		};
		49F292581F7D8D2B00B031A1 /* R.swift */ = {
			isa = PBXShellScriptBuildPhase;
			buildActionMask = 2147483647;
			files = (
			);
			inputPaths = (
			);
			name = R.swift;
			outputPaths = (
			);
			runOnlyForDeploymentPostprocessing = 0;
			shellPath = /bin/sh;
			shellScript = "\"$PODS_ROOT/R.swift/rswift\" \"$SRCROOT\"\nmv \"$SRCROOT\"/R.generated.swift \"$SRCROOT\"/Lexicon/Application/\n";
		};
		7E8D0CD26D3864E6B82FBDA4 /* [CP] Check Pods Manifest.lock */ = {
			isa = PBXShellScriptBuildPhase;
			buildActionMask = 2147483647;
			files = (
			);
			inputPaths = (
				"${PODS_PODFILE_DIR_PATH}/Podfile.lock",
				"${PODS_ROOT}/Manifest.lock",
			);
			name = "[CP] Check Pods Manifest.lock";
			outputPaths = (
				"$(DERIVED_FILE_DIR)/Pods-Lexicon-checkManifestLockResult.txt",
			);
			runOnlyForDeploymentPostprocessing = 0;
			shellPath = /bin/sh;
			shellScript = "diff \"${PODS_PODFILE_DIR_PATH}/Podfile.lock\" \"${PODS_ROOT}/Manifest.lock\" > /dev/null\nif [ $? != 0 ] ; then\n    # print error to STDERR\n    echo \"error: The sandbox is not in sync with the Podfile.lock. Run 'pod install' or update your CocoaPods installation.\" >&2\n    exit 1\nfi\n# This output is used by Xcode 'outputs' to avoid re-running this script phase.\necho \"SUCCESS\" > \"${SCRIPT_OUTPUT_FILE_0}\"\n";
			showEnvVarsInLog = 0;
		};
		87B64CE73497A27C7D0B5442 /* [CP] Check Pods Manifest.lock */ = {
			isa = PBXShellScriptBuildPhase;
			buildActionMask = 2147483647;
			files = (
			);
			inputPaths = (
				"${PODS_PODFILE_DIR_PATH}/Podfile.lock",
				"${PODS_ROOT}/Manifest.lock",
			);
			name = "[CP] Check Pods Manifest.lock";
			outputPaths = (
				"$(DERIVED_FILE_DIR)/Pods-LexiconTests-checkManifestLockResult.txt",
			);
			runOnlyForDeploymentPostprocessing = 0;
			shellPath = /bin/sh;
			shellScript = "diff \"${PODS_PODFILE_DIR_PATH}/Podfile.lock\" \"${PODS_ROOT}/Manifest.lock\" > /dev/null\nif [ $? != 0 ] ; then\n    # print error to STDERR\n    echo \"error: The sandbox is not in sync with the Podfile.lock. Run 'pod install' or update your CocoaPods installation.\" >&2\n    exit 1\nfi\n# This output is used by Xcode 'outputs' to avoid re-running this script phase.\necho \"SUCCESS\" > \"${SCRIPT_OUTPUT_FILE_0}\"\n";
			showEnvVarsInLog = 0;
		};
		CADF605303AA0A32C2C46D82 /* [CP] Embed Pods Frameworks */ = {
			isa = PBXShellScriptBuildPhase;
			buildActionMask = 2147483647;
			files = (
			);
			inputPaths = (
				"${SRCROOT}/Pods/Target Support Files/Pods-LexiconTests/Pods-LexiconTests-frameworks.sh",
				"${BUILT_PRODUCTS_DIR}/RxSwift/RxSwift.framework",
				"${BUILT_PRODUCTS_DIR}/RxTest/RxTest.framework",
			);
			name = "[CP] Embed Pods Frameworks";
			outputPaths = (
				"${TARGET_BUILD_DIR}/${FRAMEWORKS_FOLDER_PATH}/RxSwift.framework",
				"${TARGET_BUILD_DIR}/${FRAMEWORKS_FOLDER_PATH}/RxTest.framework",
			);
			runOnlyForDeploymentPostprocessing = 0;
			shellPath = /bin/sh;
			shellScript = "\"${SRCROOT}/Pods/Target Support Files/Pods-LexiconTests/Pods-LexiconTests-frameworks.sh\"\n";
			showEnvVarsInLog = 0;
		};
		ED03834A890FDC935BBDB2C8 /* [CP] Copy Pods Resources */ = {
			isa = PBXShellScriptBuildPhase;
			buildActionMask = 2147483647;
			files = (
			);
			inputPaths = (
			);
			name = "[CP] Copy Pods Resources";
			outputPaths = (
			);
			runOnlyForDeploymentPostprocessing = 0;
			shellPath = /bin/sh;
			shellScript = "\"${SRCROOT}/Pods/Target Support Files/Pods-Lexicon/Pods-Lexicon-resources.sh\"\n";
			showEnvVarsInLog = 0;
		};
/* End PBXShellScriptBuildPhase section */

/* Begin PBXSourcesBuildPhase section */
		49F292291F7D8A6300B031A1 /* Sources */ = {
			isa = PBXSourcesBuildPhase;
			buildActionMask = 2147483647;
			files = (
				49F292651F7D922100B031A1 /* Lexicon.swift in Sources */,
				49F9E49E1F7D9CA900DA4D3A /* ListTransformer.swift in Sources */,
				49F292671F7D922800B031A1 /* LexiconEntry.swift in Sources */,
				49F292691F7D925300B031A1 /* LexiconEntriesSource.swift in Sources */,
				49F9E4A41F7D9D0200DA4D3A /* ListState.swift in Sources */,
				49F292711F7D975D00B031A1 /* ListItem.swift in Sources */,
				49F292331F7D8A6300B031A1 /* ListViewController.swift in Sources */,
				49F292311F7D8A6300B031A1 /* AppDelegate.swift in Sources */,
				49F2925C1F7D8F2000B031A1 /* R.generated.swift in Sources */,
				49F292571F7D8C3500B031A1 /* MockAppDelegate.swift in Sources */,
				49F292551F7D8C1700B031A1 /* main.swift in Sources */,
				49F9E4A21F7D9CC100DA4D3A /* ListPresenter.swift in Sources */,
				49F9E4A01F7D9CAF00DA4D3A /* ListModel.swift in Sources */,
				49F9E4B21F7DA5B000DA4D3A /* DetailViewController.swift in Sources */,
			);
			runOnlyForDeploymentPostprocessing = 0;
		};
		49F2923D1F7D8A6300B031A1 /* Sources */ = {
			isa = PBXSourcesBuildPhase;
			buildActionMask = 2147483647;
			files = (
				49F9E4AA1F7DA29500DA4D3A /* ListViewControllerTests.swift in Sources */,
				49F9E4AD1F7DA48D00DA4D3A /* MockListPresenter.swift in Sources */,
				49F2926D1F7D92C500B031A1 /* LexiconTests.swift in Sources */,
				49F9E4A81F7DA18C00DA4D3A /* ListStateTests.swift in Sources */,
				49F292751F7D97EE00B031A1 /* ListItemTests.swift in Sources */,
				49F2926F1F7D931400B031A1 /* LexiconEntryTests.swift in Sources */,
				49F9E4A61F7DA0F500DA4D3A /* ListTransformerTests.swift in Sources */,
			);
			runOnlyForDeploymentPostprocessing = 0;
		};
/* End PBXSourcesBuildPhase section */

/* Begin PBXTargetDependency section */
		49F292431F7D8A6300B031A1 /* PBXTargetDependency */ = {
			isa = PBXTargetDependency;
			target = 49F2922C1F7D8A6300B031A1 /* Lexicon */;
			targetProxy = 49F292421F7D8A6300B031A1 /* PBXContainerItemProxy */;
		};
/* End PBXTargetDependency section */

/* Begin PBXVariantGroup section */
		49F2925D1F7D8F6F00B031A1 /* LaunchScreen.storyboard */ = {
			isa = PBXVariantGroup;
			children = (
				49F2925E1F7D8F6F00B031A1 /* Base */,
			);
			name = LaunchScreen.storyboard;
			sourceTree = "<group>";
		};
/* End PBXVariantGroup section */

/* Begin XCBuildConfiguration section */
		49F292481F7D8A6300B031A1 /* Debug */ = {
			isa = XCBuildConfiguration;
			buildSettings = {
				ALWAYS_SEARCH_USER_PATHS = NO;
				CLANG_ANALYZER_NONNULL = YES;
				CLANG_ANALYZER_NUMBER_OBJECT_CONVERSION = YES_AGGRESSIVE;
				CLANG_CXX_LANGUAGE_STANDARD = "gnu++14";
				CLANG_CXX_LIBRARY = "libc++";
				CLANG_ENABLE_MODULES = YES;
				CLANG_ENABLE_OBJC_ARC = YES;
				CLANG_WARN_BLOCK_CAPTURE_AUTORELEASING = YES;
				CLANG_WARN_BOOL_CONVERSION = YES;
				CLANG_WARN_COMMA = YES;
				CLANG_WARN_CONSTANT_CONVERSION = YES;
				CLANG_WARN_DIRECT_OBJC_ISA_USAGE = YES_ERROR;
				CLANG_WARN_DOCUMENTATION_COMMENTS = YES;
				CLANG_WARN_EMPTY_BODY = YES;
				CLANG_WARN_ENUM_CONVERSION = YES;
				CLANG_WARN_INFINITE_RECURSION = YES;
				CLANG_WARN_INT_CONVERSION = YES;
				CLANG_WARN_NON_LITERAL_NULL_CONVERSION = YES;
				CLANG_WARN_OBJC_LITERAL_CONVERSION = YES;
				CLANG_WARN_OBJC_ROOT_CLASS = YES_ERROR;
				CLANG_WARN_RANGE_LOOP_ANALYSIS = YES;
				CLANG_WARN_STRICT_PROTOTYPES = YES;
				CLANG_WARN_SUSPICIOUS_MOVE = YES;
				CLANG_WARN_UNGUARDED_AVAILABILITY = YES_AGGRESSIVE;
				CLANG_WARN_UNREACHABLE_CODE = YES;
				CLANG_WARN__DUPLICATE_METHOD_MATCH = YES;
				CODE_SIGN_IDENTITY = "iPhone Developer";
				COPY_PHASE_STRIP = NO;
				DEBUG_INFORMATION_FORMAT = dwarf;
				ENABLE_STRICT_OBJC_MSGSEND = YES;
				ENABLE_TESTABILITY = YES;
				GCC_C_LANGUAGE_STANDARD = gnu11;
				GCC_DYNAMIC_NO_PIC = NO;
				GCC_NO_COMMON_BLOCKS = YES;
				GCC_OPTIMIZATION_LEVEL = 0;
				GCC_PREPROCESSOR_DEFINITIONS = (
					"DEBUG=1",
					"$(inherited)",
				);
				GCC_WARN_64_TO_32_BIT_CONVERSION = YES;
				GCC_WARN_ABOUT_RETURN_TYPE = YES_ERROR;
				GCC_WARN_UNDECLARED_SELECTOR = YES;
				GCC_WARN_UNINITIALIZED_AUTOS = YES_AGGRESSIVE;
				GCC_WARN_UNUSED_FUNCTION = YES;
				GCC_WARN_UNUSED_VARIABLE = YES;
				IPHONEOS_DEPLOYMENT_TARGET = 11.0;
				MTL_ENABLE_DEBUG_INFO = YES;
				ONLY_ACTIVE_ARCH = YES;
				SDKROOT = iphoneos;
				SWIFT_ACTIVE_COMPILATION_CONDITIONS = DEBUG;
				SWIFT_OPTIMIZATION_LEVEL = "-Onone";
			};
			name = Debug;
		};
		49F292491F7D8A6300B031A1 /* Release */ = {
			isa = XCBuildConfiguration;
			buildSettings = {
				ALWAYS_SEARCH_USER_PATHS = NO;
				CLANG_ANALYZER_NONNULL = YES;
				CLANG_ANALYZER_NUMBER_OBJECT_CONVERSION = YES_AGGRESSIVE;
				CLANG_CXX_LANGUAGE_STANDARD = "gnu++14";
				CLANG_CXX_LIBRARY = "libc++";
				CLANG_ENABLE_MODULES = YES;
				CLANG_ENABLE_OBJC_ARC = YES;
				CLANG_WARN_BLOCK_CAPTURE_AUTORELEASING = YES;
				CLANG_WARN_BOOL_CONVERSION = YES;
				CLANG_WARN_COMMA = YES;
				CLANG_WARN_CONSTANT_CONVERSION = YES;
				CLANG_WARN_DIRECT_OBJC_ISA_USAGE = YES_ERROR;
				CLANG_WARN_DOCUMENTATION_COMMENTS = YES;
				CLANG_WARN_EMPTY_BODY = YES;
				CLANG_WARN_ENUM_CONVERSION = YES;
				CLANG_WARN_INFINITE_RECURSION = YES;
				CLANG_WARN_INT_CONVERSION = YES;
				CLANG_WARN_NON_LITERAL_NULL_CONVERSION = YES;
				CLANG_WARN_OBJC_LITERAL_CONVERSION = YES;
				CLANG_WARN_OBJC_ROOT_CLASS = YES_ERROR;
				CLANG_WARN_RANGE_LOOP_ANALYSIS = YES;
				CLANG_WARN_STRICT_PROTOTYPES = YES;
				CLANG_WARN_SUSPICIOUS_MOVE = YES;
				CLANG_WARN_UNGUARDED_AVAILABILITY = YES_AGGRESSIVE;
				CLANG_WARN_UNREACHABLE_CODE = YES;
				CLANG_WARN__DUPLICATE_METHOD_MATCH = YES;
				CODE_SIGN_IDENTITY = "iPhone Developer";
				COPY_PHASE_STRIP = NO;
				DEBUG_INFORMATION_FORMAT = "dwarf-with-dsym";
				ENABLE_NS_ASSERTIONS = NO;
				ENABLE_STRICT_OBJC_MSGSEND = YES;
				GCC_C_LANGUAGE_STANDARD = gnu11;
				GCC_NO_COMMON_BLOCKS = YES;
				GCC_WARN_64_TO_32_BIT_CONVERSION = YES;
				GCC_WARN_ABOUT_RETURN_TYPE = YES_ERROR;
				GCC_WARN_UNDECLARED_SELECTOR = YES;
				GCC_WARN_UNINITIALIZED_AUTOS = YES_AGGRESSIVE;
				GCC_WARN_UNUSED_FUNCTION = YES;
				GCC_WARN_UNUSED_VARIABLE = YES;
				IPHONEOS_DEPLOYMENT_TARGET = 11.0;
				MTL_ENABLE_DEBUG_INFO = NO;
				SDKROOT = iphoneos;
				SWIFT_OPTIMIZATION_LEVEL = "-Owholemodule";
				VALIDATE_PRODUCT = YES;
			};
			name = Release;
		};
		49F2924B1F7D8A6300B031A1 /* Debug */ = {
			isa = XCBuildConfiguration;
			baseConfigurationReference = 072F6AAD3A8D261158609221 /* Pods-Lexicon.debug.xcconfig */;
			buildSettings = {
				ASSETCATALOG_COMPILER_APPICON_NAME = AppIcon;
				CODE_SIGN_STYLE = Automatic;
				DEVELOPMENT_TEAM = XP78X9469Y;
				INFOPLIST_FILE = "$(SRCROOT)/Lexicon/Application/Info.plist";
				LD_RUNPATH_SEARCH_PATHS = "$(inherited) @executable_path/Frameworks";
				PRODUCT_BUNDLE_IDENTIFIER = com.andrewhershberger.Lexicon;
				PRODUCT_NAME = "$(TARGET_NAME)";
				SWIFT_VERSION = 4.0;
				TARGETED_DEVICE_FAMILY = "1,2";
			};
			name = Debug;
		};
		49F2924C1F7D8A6300B031A1 /* Release */ = {
			isa = XCBuildConfiguration;
			baseConfigurationReference = 04B5E993CA582998B6E5DD3E /* Pods-Lexicon.release.xcconfig */;
			buildSettings = {
				ASSETCATALOG_COMPILER_APPICON_NAME = AppIcon;
				CODE_SIGN_STYLE = Automatic;
				DEVELOPMENT_TEAM = XP78X9469Y;
				INFOPLIST_FILE = "$(SRCROOT)/Lexicon/Application/Info.plist";
				LD_RUNPATH_SEARCH_PATHS = "$(inherited) @executable_path/Frameworks";
				PRODUCT_BUNDLE_IDENTIFIER = com.andrewhershberger.Lexicon;
				PRODUCT_NAME = "$(TARGET_NAME)";
				SWIFT_VERSION = 4.0;
				TARGETED_DEVICE_FAMILY = "1,2";
			};
			name = Release;
		};
		49F2924E1F7D8A6300B031A1 /* Debug */ = {
			isa = XCBuildConfiguration;
			baseConfigurationReference = BFDE8D0778E2FC3F539D22DD /* Pods-LexiconTests.debug.xcconfig */;
			buildSettings = {
				BUNDLE_LOADER = "$(TEST_HOST)";
				CODE_SIGN_STYLE = Automatic;
				DEVELOPMENT_TEAM = XP78X9469Y;
				INFOPLIST_FILE = LexiconTests/Info.plist;
				LD_RUNPATH_SEARCH_PATHS = "$(inherited) @executable_path/Frameworks @loader_path/Frameworks";
				PRODUCT_BUNDLE_IDENTIFIER = com.andrewhershberger.LexiconTests;
				PRODUCT_NAME = "$(TARGET_NAME)";
				SWIFT_VERSION = 4.0;
				TARGETED_DEVICE_FAMILY = "1,2";
				TEST_HOST = "$(BUILT_PRODUCTS_DIR)/Lexicon.app/Lexicon";
			};
			name = Debug;
		};
		49F2924F1F7D8A6300B031A1 /* Release */ = {
			isa = XCBuildConfiguration;
			baseConfigurationReference = 75B092E0EFBF38C57E827549 /* Pods-LexiconTests.release.xcconfig */;
			buildSettings = {
				BUNDLE_LOADER = "$(TEST_HOST)";
				CODE_SIGN_STYLE = Automatic;
				DEVELOPMENT_TEAM = XP78X9469Y;
				INFOPLIST_FILE = LexiconTests/Info.plist;
				LD_RUNPATH_SEARCH_PATHS = "$(inherited) @executable_path/Frameworks @loader_path/Frameworks";
				PRODUCT_BUNDLE_IDENTIFIER = com.andrewhershberger.LexiconTests;
				PRODUCT_NAME = "$(TARGET_NAME)";
				SWIFT_VERSION = 4.0;
				TARGETED_DEVICE_FAMILY = "1,2";
				TEST_HOST = "$(BUILT_PRODUCTS_DIR)/Lexicon.app/Lexicon";
			};
			name = Release;
		};
/* End XCBuildConfiguration section */

/* Begin XCConfigurationList section */
		49F292281F7D8A6300B031A1 /* Build configuration list for PBXProject "Lexicon" */ = {
			isa = XCConfigurationList;
			buildConfigurations = (
				49F292481F7D8A6300B031A1 /* Debug */,
				49F292491F7D8A6300B031A1 /* Release */,
			);
			defaultConfigurationIsVisible = 0;
			defaultConfigurationName = Release;
		};
		49F2924A1F7D8A6300B031A1 /* Build configuration list for PBXNativeTarget "Lexicon" */ = {
			isa = XCConfigurationList;
			buildConfigurations = (
				49F2924B1F7D8A6300B031A1 /* Debug */,
				49F2924C1F7D8A6300B031A1 /* Release */,
			);
			defaultConfigurationIsVisible = 0;
			defaultConfigurationName = Release;
		};
		49F2924D1F7D8A6300B031A1 /* Build configuration list for PBXNativeTarget "LexiconTests" */ = {
			isa = XCConfigurationList;
			buildConfigurations = (
				49F2924E1F7D8A6300B031A1 /* Debug */,
				49F2924F1F7D8A6300B031A1 /* Release */,
			);
			defaultConfigurationIsVisible = 0;
			defaultConfigurationName = Release;
		};
/* End XCConfigurationList section */
	};
	rootObject = 49F292251F7D8A6300B031A1 /* Project object */;
}
